// !$*UTF8*$!
{
	archiveVersion = 1;
	classes = {
	};
	objectVersion = 48;
	objects = {

/* Begin PBXBuildFile section */
		2B8E620B2101AE64009129E5 /* AppDelegate.swift in Sources */ = {isa = PBXBuildFile; fileRef = 2B8E620A2101AE64009129E5 /* AppDelegate.swift */; };
		2B8E62102101AE64009129E5 /* Main.storyboard in Resources */ = {isa = PBXBuildFile; fileRef = 2B8E620E2101AE64009129E5 /* Main.storyboard */; };
		2B8E62132101AE65009129E5 /* Form.xcdatamodeld in Sources */ = {isa = PBXBuildFile; fileRef = 2B8E62112101AE65009129E5 /* Form.xcdatamodeld */; };
		2B8E62152101AE65009129E5 /* Assets.xcassets in Resources */ = {isa = PBXBuildFile; fileRef = 2B8E62142101AE65009129E5 /* Assets.xcassets */; };
		2B8E62182101AE65009129E5 /* LaunchScreen.storyboard in Resources */ = {isa = PBXBuildFile; fileRef = 2B8E62162101AE65009129E5 /* LaunchScreen.storyboard */; };
		2B8E62222101E0C0009129E5 /* FormViewController.swift in Sources */ = {isa = PBXBuildFile; fileRef = 2B8E62212101E0C0009129E5 /* FormViewController.swift */; };
		2B8E62242101E0F2009129E5 /* TableViewController.swift in Sources */ = {isa = PBXBuildFile; fileRef = 2B8E62232101E0F2009129E5 /* TableViewController.swift */; };
		2B8E62262101E19E009129E5 /* Detail.swift in Sources */ = {isa = PBXBuildFile; fileRef = 2B8E62252101E19E009129E5 /* Detail.swift */; };
/* End PBXBuildFile section */

/* Begin PBXFileReference section */
		2B8E62072101AE64009129E5 /* Form.app */ = {isa = PBXFileReference; explicitFileType = wrapper.application; includeInIndex = 0; path = Form.app; sourceTree = BUILT_PRODUCTS_DIR; };
		2B8E620A2101AE64009129E5 /* AppDelegate.swift */ = {isa = PBXFileReference; lastKnownFileType = sourcecode.swift; path = AppDelegate.swift; sourceTree = "<group>"; };
		2B8E620F2101AE64009129E5 /* Base */ = {isa = PBXFileReference; lastKnownFileType = file.storyboard; name = Base; path = Base.lproj/Main.storyboard; sourceTree = "<group>"; };
		2B8E62122101AE65009129E5 /* Form.xcdatamodel */ = {isa = PBXFileReference; lastKnownFileType = wrapper.xcdatamodel; path = Form.xcdatamodel; sourceTree = "<group>"; };
		2B8E62142101AE65009129E5 /* Assets.xcassets */ = {isa = PBXFileReference; lastKnownFileType = folder.assetcatalog; path = Assets.xcassets; sourceTree = "<group>"; };
		2B8E62172101AE65009129E5 /* Base */ = {isa = PBXFileReference; lastKnownFileType = file.storyboard; name = Base; path = Base.lproj/LaunchScreen.storyboard; sourceTree = "<group>"; };
		2B8E62192101AE65009129E5 /* Info.plist */ = {isa = PBXFileReference; lastKnownFileType = text.plist.xml; path = Info.plist; sourceTree = "<group>"; };
		2B8E62212101E0C0009129E5 /* FormViewController.swift */ = {isa = PBXFileReference; lastKnownFileType = sourcecode.swift; path = FormViewController.swift; sourceTree = "<group>"; };
		2B8E62232101E0F2009129E5 /* TableViewController.swift */ = {isa = PBXFileReference; lastKnownFileType = sourcecode.swift; path = TableViewController.swift; sourceTree = "<group>"; };
		2B8E62252101E19E009129E5 /* Detail.swift */ = {isa = PBXFileReference; lastKnownFileType = sourcecode.swift; path = Detail.swift; sourceTree = "<group>"; };
/* End PBXFileReference section */

/* Begin PBXFrameworksBuildPhase section */
		2B8E62042101AE64009129E5 /* Frameworks */ = {
			isa = PBXFrameworksBuildPhase;
			buildActionMask = 2147483647;
			files = (
			);
			runOnlyForDeploymentPostprocessing = 0;
		};
/* End PBXFrameworksBuildPhase section */

/* Begin PBXGroup section */
		2B8E61FE2101AE64009129E5 = {
			isa = PBXGroup;
			children = (
				2B8E62092101AE64009129E5 /* Form */,
				2B8E62082101AE64009129E5 /* Products */,
			);
			sourceTree = "<group>";
		};
		2B8E62082101AE64009129E5 /* Products */ = {
			isa = PBXGroup;
			children = (
				2B8E62072101AE64009129E5 /* Form.app */,
			);
			name = Products;
			sourceTree = "<group>";
		};
		2B8E62092101AE64009129E5 /* Form */ = {
			isa = PBXGroup;
			children = (
				2B8E620A2101AE64009129E5 /* AppDelegate.swift */,
				2B8E620E2101AE64009129E5 /* Main.storyboard */,
				2B8E62142101AE65009129E5 /* Assets.xcassets */,
				2B8E62162101AE65009129E5 /* LaunchScreen.storyboard */,
				2B8E62192101AE65009129E5 /* Info.plist */,
				2B8E62112101AE65009129E5 /* Form.xcdatamodeld */,
				2B8E62232101E0F2009129E5 /* TableViewController.swift */,
				2B8E62212101E0C0009129E5 /* FormViewController.swift */,
				2B8E62252101E19E009129E5 /* Detail.swift */,
			);
			path = Form;
			sourceTree = "<group>";
		};
/* End PBXGroup section */

/* Begin PBXNativeTarget section */
		2B8E62062101AE64009129E5 /* Form */ = {
			isa = PBXNativeTarget;
			buildConfigurationList = 2B8E621C2101AE65009129E5 /* Build configuration list for PBXNativeTarget "Form" */;
			buildPhases = (
				2B8E62032101AE64009129E5 /* Sources */,
				2B8E62042101AE64009129E5 /* Frameworks */,
				2B8E62052101AE64009129E5 /* Resources */,
			);
			buildRules = (
			);
			dependencies = (
			);
			name = Form;
			productName = Form;
			productReference = 2B8E62072101AE64009129E5 /* Form.app */;
			productType = "com.apple.product-type.application";
		};
/* End PBXNativeTarget section */

/* Begin PBXProject section */
		2B8E61FF2101AE64009129E5 /* Project object */ = {
			isa = PBXProject;
			attributes = {
				LastSwiftUpdateCheck = 0920;
				LastUpgradeCheck = 0920;
				ORGANIZATIONNAME = "akhil gupta";
				TargetAttributes = {
					2B8E62062101AE64009129E5 = {
						CreatedOnToolsVersion = 9.2;
						ProvisioningStyle = Automatic;
					};
				};
			};
			buildConfigurationList = 2B8E62022101AE64009129E5 /* Build configuration list for PBXProject "Form" */;
			compatibilityVersion = "Xcode 8.0";
			developmentRegion = en;
			hasScannedForEncodings = 0;
			knownRegions = (
				en,
				Base,
			);
			mainGroup = 2B8E61FE2101AE64009129E5;
			productRefGroup = 2B8E62082101AE64009129E5 /* Products */;
			projectDirPath = "";
			projectRoot = "";
			targets = (
				2B8E62062101AE64009129E5 /* Form */,
			);
		};
/* End PBXProject section */

/* Begin PBXResourcesBuildPhase section */
		2B8E62052101AE64009129E5 /* Resources */ = {
			isa = PBXResourcesBuildPhase;
			buildActionMask = 2147483647;
			files = (
				2B8E62182101AE65009129E5 /* LaunchScreen.storyboard in Resources */,
				2B8E62152101AE65009129E5 /* Assets.xcassets in Resources */,
				2B8E62102101AE64009129E5 /* Main.storyboard in Resources */,
			);
			runOnlyForDeploymentPostprocessing = 0;
		};
/* End PBXResourcesBuildPhase section */

/* Begin PBXSourcesBuildPhase section */
		2B8E62032101AE64009129E5 /* Sources */ = {
			isa = PBXSourcesBuildPhase;
			buildActionMask = 2147483647;
			files = (
				2B8E62132101AE65009129E5 /* Form.xcdatamodeld in Sources */,
				2B8E62262101E19E009129E5 /* Detail.swift in Sources */,
				2B8E62222101E0C0009129E5 /* FormViewController.swift in Sources */,
				2B8E620B2101AE64009129E5 /* AppDelegate.swift in Sources */,
				2B8E62242101E0F2009129E5 /* TableViewController.swift in Sources */,
			);
			runOnlyForDeploymentPostprocessing = 0;
		};
/* End PBXSourcesBuildPhase section */

/* Begin PBXVariantGroup section */
		2B8E620E2101AE64009129E5 /* Main.storyboard */ = {
			isa = PBXVariantGroup;
			children = (
				2B8E620F2101AE64009129E5 /* Base */,
			);
			name = Main.storyboard;
			sourceTree = "<group>";
		};
		2B8E62162101AE65009129E5 /* LaunchScreen.storyboard */ = {
			isa = PBXVariantGroup;
			children = (
				2B8E62172101AE65009129E5 /* Base */,
			);
			name = LaunchScreen.storyboard;
			sourceTree = "<group>";
		};
/* End PBXVariantGroup section */

/* Begin XCBuildConfiguration section */
		2B8E621A2101AE65009129E5 /* Debug */ = {
			isa = XCBuildConfiguration;
			buildSettings = {
				ALWAYS_SEARCH_USER_PATHS = NO;
				CLANG_ANALYZER_NONNULL = YES;
				CLANG_ANALYZER_NUMBER_OBJECT_CONVERSION = YES_AGGRESSIVE;
				CLANG_CXX_LANGUAGE_STANDARD = "gnu++14";
				CLANG_CXX_LIBRARY = "libc++";
				CLANG_ENABLE_MODULES = YES;
				CLANG_ENABLE_OBJC_ARC = YES;
				CLANG_WARN_BLOCK_CAPTURE_AUTORELEASING = YES;
				CLANG_WARN_BOOL_CONVERSION = YES;
				CLANG_WARN_COMMA = YES;
				CLANG_WARN_CONSTANT_CONVERSION = YES;
				CLANG_WARN_DIRECT_OBJC_ISA_USAGE = YES_ERROR;
				CLANG_WARN_DOCUMENTATION_COMMENTS = YES;
				CLANG_WARN_EMPTY_BODY = YES;
				CLANG_WARN_ENUM_CONVERSION = YES;
				CLANG_WARN_INFINITE_RECURSION = YES;
				CLANG_WARN_INT_CONVERSION = YES;
				CLANG_WARN_NON_LITERAL_NULL_CONVERSION = YES;
				CLANG_WARN_OBJC_LITERAL_CONVERSION = YES;
				CLANG_WARN_OBJC_ROOT_CLASS = YES_ERROR;
				CLANG_WARN_RANGE_LOOP_ANALYSIS = YES;
				CLANG_WARN_STRICT_PROTOTYPES = YES;
				CLANG_WARN_SUSPICIOUS_MOVE = YES;
				CLANG_WARN_UNGUARDED_AVAILABILITY = YES_AGGRESSIVE;
				CLANG_WARN_UNREACHABLE_CODE = YES;
				CLANG_WARN__DUPLICATE_METHOD_MATCH = YES;
				CODE_SIGN_IDENTITY = "iPhone Developer";
				COPY_PHASE_STRIP = NO;
				DEBUG_INFORMATION_FORMAT = dwarf;
				ENABLE_STRICT_OBJC_MSGSEND = YES;
				ENABLE_TESTABILITY = YES;
				GCC_C_LANGUAGE_STANDARD = gnu11;
				GCC_DYNAMIC_NO_PIC = NO;
				GCC_NO_COMMON_BLOCKS = YES;
				GCC_OPTIMIZATION_LEVEL = 0;
				GCC_PREPROCESSOR_DEFINITIONS = (
					"DEBUG=1",
					"$(inherited)",
				);
				GCC_WARN_64_TO_32_BIT_CONVERSION = YES;
				GCC_WARN_ABOUT_RETURN_TYPE = YES_ERROR;
				GCC_WARN_UNDECLARED_SELECTOR = YES;
				GCC_WARN_UNINITIALIZED_AUTOS = YES_AGGRESSIVE;
				GCC_WARN_UNUSED_FUNCTION = YES;
				GCC_WARN_UNUSED_VARIABLE = YES;
				IPHONEOS_DEPLOYMENT_TARGET = 11.2;
				MTL_ENABLE_DEBUG_INFO = YES;
				ONLY_ACTIVE_ARCH = YES;
				SDKROOT = iphoneos;
				SWIFT_ACTIVE_COMPILATION_CONDITIONS = DEBUG;
				SWIFT_OPTIMIZATION_LEVEL = "-Onone";
			};
			name = Debug;
		};
		2B8E621B2101AE65009129E5 /* Release */ = {
			isa = XCBuildConfiguration;
			buildSettings = {
				ALWAYS_SEARCH_USER_PATHS = NO;
				CLANG_ANALYZER_NONNULL = YES;
				CLANG_ANALYZER_NUMBER_OBJECT_CONVERSION = YES_AGGRESSIVE;
				CLANG_CXX_LANGUAGE_STANDARD = "gnu++14";
				CLANG_CXX_LIBRARY = "libc++";
				CLANG_ENABLE_MODULES = YES;
				CLANG_ENABLE_OBJC_ARC = YES;
				CLANG_WARN_BLOCK_CAPTURE_AUTORELEASING = YES;
				CLANG_WARN_BOOL_CONVERSION = YES;
				CLANG_WARN_COMMA = YES;
				CLANG_WARN_CONSTANT_CONVERSION = YES;
				CLANG_WARN_DIRECT_OBJC_ISA_USAGE = YES_ERROR;
				CLANG_WARN_DOCUMENTATION_COMMENTS = YES;
				CLANG_WARN_EMPTY_BODY = YES;
				CLANG_WARN_ENUM_CONVERSION = YES;
				CLANG_WARN_INFINITE_RECURSION = YES;
				CLANG_WARN_INT_CONVERSION = YES;
				CLANG_WARN_NON_LITERAL_NULL_CONVERSION = YES;
				CLANG_WARN_OBJC_LITERAL_CONVERSION = YES;
				CLANG_WARN_OBJC_ROOT_CLASS = YES_ERROR;
				CLANG_WARN_RANGE_LOOP_ANALYSIS = YES;
				CLANG_WARN_STRICT_PROTOTYPES = YES;
				CLANG_WARN_SUSPICIOUS_MOVE = YES;
				CLANG_WARN_UNGUARDED_AVAILABILITY = YES_AGGRESSIVE;
				CLANG_WARN_UNREACHABLE_CODE = YES;
				CLANG_WARN__DUPLICATE_METHOD_MATCH = YES;
				CODE_SIGN_IDENTITY = "iPhone Developer";
				COPY_PHASE_STRIP = NO;
				DEBUG_INFORMATION_FORMAT = "dwarf-with-dsym";
				ENABLE_NS_ASSERTIONS = NO;
				ENABLE_STRICT_OBJC_MSGSEND = YES;
				GCC_C_LANGUAGE_STANDARD = gnu11;
				GCC_NO_COMMON_BLOCKS = YES;
				GCC_WARN_64_TO_32_BIT_CONVERSION = YES;
				GCC_WARN_ABOUT_RETURN_TYPE = YES_ERROR;
				GCC_WARN_UNDECLARED_SELECTOR = YES;
				GCC_WARN_UNINITIALIZED_AUTOS = YES_AGGRESSIVE;
				GCC_WARN_UNUSED_FUNCTION = YES;
				GCC_WARN_UNUSED_VARIABLE = YES;
				IPHONEOS_DEPLOYMENT_TARGET = 11.2;
				MTL_ENABLE_DEBUG_INFO = NO;
				SDKROOT = iphoneos;
				SWIFT_OPTIMIZATION_LEVEL = "-Owholemodule";
				VALIDATE_PRODUCT = YES;
			};
			name = Release;
		};
		2B8E621D2101AE65009129E5 /* Debug */ = {
			isa = XCBuildConfiguration;
			buildSettings = {
				ASSETCATALOG_COMPILER_APPICON_NAME = AppIcon;
				CODE_SIGN_STYLE = Automatic;
				INFOPLIST_FILE = Form/Info.plist;
				LD_RUNPATH_SEARCH_PATHS = "$(inherited) @executable_path/Frameworks";
				PRODUCT_BUNDLE_IDENTIFIER = com.akhil2.Form;
				PRODUCT_NAME = "$(TARGET_NAME)";
				SWIFT_VERSION = 4.0;
				TARGETED_DEVICE_FAMILY = "1,2";
			};
			name = Debug;
		};
		2B8E621E2101AE65009129E5 /* Release */ = {
			isa = XCBuildConfiguration;
			buildSettings = {
				ASSETCATALOG_COMPILER_APPICON_NAME = AppIcon;
				CODE_SIGN_STYLE = Automatic;
				INFOPLIST_FILE = Form/Info.plist;
				LD_RUNPATH_SEARCH_PATHS = "$(inherited) @executable_path/Frameworks";
				PRODUCT_BUNDLE_IDENTIFIER = com.akhil2.Form;
				PRODUCT_NAME = "$(TARGET_NAME)";
				SWIFT_VERSION = 4.0;
				TARGETED_DEVICE_FAMILY = "1,2";
			};
			name = Release;
		};
/* End XCBuildConfiguration section */

/* Begin XCConfigurationList section */
		2B8E62022101AE64009129E5 /* Build configuration list for PBXProject "Form" */ = {
			isa = XCConfigurationList;
			buildConfigurations = (
				2B8E621A2101AE65009129E5 /* Debug */,
				2B8E621B2101AE65009129E5 /* Release */,
			);
			defaultConfigurationIsVisible = 0;
			defaultConfigurationName = Release;
		};
		2B8E621C2101AE65009129E5 /* Build configuration list for PBXNativeTarget "Form" */ = {
			isa = XCConfigurationList;
			buildConfigurations = (
				2B8E621D2101AE65009129E5 /* Debug */,
				2B8E621E2101AE65009129E5 /* Release */,
			);
			defaultConfigurationIsVisible = 0;
			defaultConfigurationName = Release;
		};
/* End XCConfigurationList section */

/* Begin XCVersionGroup section */
		2B8E62112101AE65009129E5 /* Form.xcdatamodeld */ = {
			isa = XCVersionGroup;
			children = (
				2B8E62122101AE65009129E5 /* Form.xcdatamodel */,
			);
			currentVersion = 2B8E62122101AE65009129E5 /* Form.xcdatamodel */;
			path = Form.xcdatamodeld;
			sourceTree = "<group>";
			versionGroupType = wrapper.xcdatamodel;
		};
/* End XCVersionGroup section */
	};
	rootObject = 2B8E61FF2101AE64009129E5 /* Project object */;
}
